
Microsoft Visual Studio Solution File, Format Version 12.00
# Visual Studio Version 17
VisualStudioVersion = 17.5.33627.172
MinimumVisualStudioVersion = 10.0.40219.1
Project("{E24C65DC-7377-472B-9ABA-BC803B73C61A}") = "AngularMaterialCrud", ".", "{C9DC3A7E-2B93-4F21-B0CF-0797D00DF371}"
	ProjectSection(WebsiteProperties) = preProject
		TargetFrameworkMoniker = ".NETFramework,Version%3Dv4.8"
		Debug.AspNetCompiler.VirtualPath = "/localhost_49871"
		Debug.AspNetCompiler.PhysicalPath = "..\AngularMaterialCrud\"
		Debug.AspNetCompiler.TargetPath = "PrecompiledWeb\localhost_49871\"
		Debug.AspNetCompiler.Updateable = "true"
		Debug.AspNetCompiler.ForceOverwrite = "true"
		Debug.AspNetCompiler.FixedNames = "false"
		Debug.AspNetCompiler.Debug = "True"
		Release.AspNetCompiler.VirtualPath = "/localhost_49871"
		Release.AspNetCompiler.PhysicalPath = "..\AngularMaterialCrud\"
		Release.AspNetCompiler.TargetPath = "PrecompiledWeb\localhost_49871\"
		Release.AspNetCompiler.Updateable = "true"
		Release.AspNetCompiler.ForceOverwrite = "true"
		Release.AspNetCompiler.FixedNames = "false"
		Release.AspNetCompiler.Debug = "False"
		VWDPort = "49871"
		SlnRelativePath = "..\AngularMaterialCrud\"
	EndProjectSection
EndProject
Global
	GlobalSection(SolutionConfigurationPlatforms) = preSolution
		Debug|Any CPU = Debug|Any CPU
	EndGlobalSection
	GlobalSection(ProjectConfigurationPlatforms) = postSolution
		{C9DC3A7E-2B93-4F21-B0CF-0797D00DF371}.Debug|Any CPU.ActiveCfg = Debug|Any CPU
		{C9DC3A7E-2B93-4F21-B0CF-0797D00DF371}.Debug|Any CPU.Build.0 = Debug|Any CPU
	EndGlobalSection
	GlobalSection(SolutionProperties) = preSolution
		HideSolutionNode = FALSE
	EndGlobalSection
	GlobalSection(ExtensibilityGlobals) = postSolution
		SolutionGuid = {2F93E4CF-8D5E-4772-BF32-646D5CF9CA46}
	EndGlobalSection
EndGlobal
